
Microsoft Visual Studio Solution File, Format Version 12.00
# Visual Studio Version 17
VisualStudioVersion = 17.1.32414.318
MinimumVisualStudioVersion = 10.0.40219.1
Project("{9A19103F-16F7-4668-BE54-9A1E7A4F7556}") = "ASVPack", "ASVPack\ASVPack.csproj", "{7908848C-E5BE-4A0A-89C6-3CA931D9C74E}"
EndProject
Project("{9A19103F-16F7-4668-BE54-9A1E7A4F7556}") = "SavegameToolkit", "ArkSavegameToolkit\SavegameToolkit\SavegameToolkit.csproj", "{9D9A8828-0189-431A-B903-11E01B25CFD8}"
EndProject
Project("{9A19103F-16F7-4668-BE54-9A1E7A4F7556}") = "SavegameToolkitAdditions", "ArkSavegameToolkit\SavegameToolkitAdditions\SavegameToolkitAdditions.csproj", "{16585F35-80E3-4896-B9AA-0B242F6596D5}"
EndProject
Project("{9A19103F-16F7-4668-BE54-9A1E7A4F7556}") = "ASVExport", "ASVExport\ASVExport.csproj", "{8948B11C-A2D7-4929-BC6A-2EB4323D9EC2}"
EndProject
Project("{9A19103F-16F7-4668-BE54-9A1E7A4F7556}") = "ArkViewer", "ArkViewer\ArkViewer.csproj", "{2694464B-92D2-4DF6-9717-C187442F49C3}"
EndProject
Project("{FAE04EC0-301F-11D3-BF4B-00C04F79EFBC}") = "ASVBot", "ASVBot\ASVBot.csproj", "{DDD4FCA3-FA92-4782-8FF4-AF67D71A6986}"
EndProject
Project("{FAE04EC0-301F-11D3-BF4B-00C04F79EFBC}") = "ASVApi", "ASVApi\ASVApi.csproj", "{960BAF67-79F9-4883-ABED-6483ED85B649}"
EndProject
Global
	GlobalSection(SolutionConfigurationPlatforms) = preSolution
		Debug|Any CPU = Debug|Any CPU
		Release|Any CPU = Release|Any CPU
	EndGlobalSection
	GlobalSection(ProjectConfigurationPlatforms) = postSolution
		{7908848C-E5BE-4A0A-89C6-3CA931D9C74E}.Debug|Any CPU.ActiveCfg = Debug|Any CPU
		{7908848C-E5BE-4A0A-89C6-3CA931D9C74E}.Debug|Any CPU.Build.0 = Debug|Any CPU
		{7908848C-E5BE-4A0A-89C6-3CA931D9C74E}.Release|Any CPU.ActiveCfg = Release|Any CPU
		{7908848C-E5BE-4A0A-89C6-3CA931D9C74E}.Release|Any CPU.Build.0 = Release|Any CPU
		{9D9A8828-0189-431A-B903-11E01B25CFD8}.Debug|Any CPU.ActiveCfg = Debug|Any CPU
		{9D9A8828-0189-431A-B903-11E01B25CFD8}.Debug|Any CPU.Build.0 = Debug|Any CPU
		{9D9A8828-0189-431A-B903-11E01B25CFD8}.Release|Any CPU.ActiveCfg = Release|Any CPU
		{9D9A8828-0189-431A-B903-11E01B25CFD8}.Release|Any CPU.Build.0 = Release|Any CPU
		{16585F35-80E3-4896-B9AA-0B242F6596D5}.Debug|Any CPU.ActiveCfg = Debug|Any CPU
		{16585F35-80E3-4896-B9AA-0B242F6596D5}.Debug|Any CPU.Build.0 = Debug|Any CPU
		{16585F35-80E3-4896-B9AA-0B242F6596D5}.Release|Any CPU.ActiveCfg = Release|Any CPU
		{16585F35-80E3-4896-B9AA-0B242F6596D5}.Release|Any CPU.Build.0 = Release|Any CPU
		{8948B11C-A2D7-4929-BC6A-2EB4323D9EC2}.Debug|Any CPU.ActiveCfg = Debug|Any CPU
		{8948B11C-A2D7-4929-BC6A-2EB4323D9EC2}.Debug|Any CPU.Build.0 = Debug|Any CPU
		{8948B11C-A2D7-4929-BC6A-2EB4323D9EC2}.Release|Any CPU.ActiveCfg = Release|Any CPU
		{8948B11C-A2D7-4929-BC6A-2EB4323D9EC2}.Release|Any CPU.Build.0 = Release|Any CPU
		{2694464B-92D2-4DF6-9717-C187442F49C3}.Debug|Any CPU.ActiveCfg = Debug|Any CPU
		{2694464B-92D2-4DF6-9717-C187442F49C3}.Debug|Any CPU.Build.0 = Debug|Any CPU
		{2694464B-92D2-4DF6-9717-C187442F49C3}.Release|Any CPU.ActiveCfg = Release|Any CPU
		{2694464B-92D2-4DF6-9717-C187442F49C3}.Release|Any CPU.Build.0 = Release|Any CPU
		{DDD4FCA3-FA92-4782-8FF4-AF67D71A6986}.Debug|Any CPU.ActiveCfg = Debug|Any CPU
		{DDD4FCA3-FA92-4782-8FF4-AF67D71A6986}.Debug|Any CPU.Build.0 = Debug|Any CPU
		{DDD4FCA3-FA92-4782-8FF4-AF67D71A6986}.Release|Any CPU.ActiveCfg = Release|Any CPU
		{DDD4FCA3-FA92-4782-8FF4-AF67D71A6986}.Release|Any CPU.Build.0 = Release|Any CPU
		{960BAF67-79F9-4883-ABED-6483ED85B649}.Debug|Any CPU.ActiveCfg = Debug|Any CPU
		{960BAF67-79F9-4883-ABED-6483ED85B649}.Debug|Any CPU.Build.0 = Debug|Any CPU
		{960BAF67-79F9-4883-ABED-6483ED85B649}.Release|Any CPU.ActiveCfg = Release|Any CPU
		{960BAF67-79F9-4883-ABED-6483ED85B649}.Release|Any CPU.Build.0 = Release|Any CPU
	EndGlobalSection
	GlobalSection(SolutionProperties) = preSolution
		HideSolutionNode = FALSE
	EndGlobalSection
	GlobalSection(ExtensibilityGlobals) = postSolution
		SolutionGuid = {DE777C9C-423F-401F-BC8D-E3FDBEE5B946}
	EndGlobalSection
EndGlobal
