
Microsoft Visual Studio Solution File, Format Version 12.00
# Visual Studio Version 17
VisualStudioVersion = 17.6.33927.249
MinimumVisualStudioVersion = 10.0.40219.1
Project("{FAE04EC0-301F-11D3-BF4B-00C04F79EFBC}") = "AsaSavegameToolkit", "AsaSavegameToolkit\AsaSavegameToolkit.csproj", "{3DCE88A9-60D0-4E57-B9B9-0A42072E43A2}"
EndProject
Global
	GlobalSection(SolutionConfigurationPlatforms) = preSolution
		Debug|Any CPU = Debug|Any CPU
		Release|Any CPU = Release|Any CPU
	EndGlobalSection
	GlobalSection(ProjectConfigurationPlatforms) = postSolution
		{3DCE88A9-60D0-4E57-B9B9-0A42072E43A2}.Debug|Any CPU.ActiveCfg = Debug|Any CPU
		{3DCE88A9-60D0-4E57-B9B9-0A42072E43A2}.Debug|Any CPU.Build.0 = Debug|Any CPU
		{3DCE88A9-60D0-4E57-B9B9-0A42072E43A2}.Release|Any CPU.ActiveCfg = Release|Any CPU
		{3DCE88A9-60D0-4E57-B9B9-0A42072E43A2}.Release|Any CPU.Build.0 = Release|Any CPU
	EndGlobalSection
	GlobalSection(SolutionProperties) = preSolution
		HideSolutionNode = FALSE
	EndGlobalSection
	GlobalSection(ExtensibilityGlobals) = postSolution
		SolutionGuid = {1A986397-A0E4-49FE-98BF-D2B0424B8A6C}
	EndGlobalSection
EndGlobal
